
Microsoft Visual Studio Solution File, Format Version 12.00
# Visual Studio 15
VisualStudioVersion = 15.0.26124.0
MinimumVisualStudioVersion = 15.0.26124.0
Project("{FAE04EC0-301F-11D3-BF4B-00C04F79EFBC}") = "1TreeCreation", "1TreeCreation\1TreeCreation.csproj", "{CF47A37D-36EF-4D2F-B623-480C97C9A51B}"
EndProject
Project("{FAE04EC0-301F-11D3-BF4B-00C04F79EFBC}") = "2TreeTraversal_DFS_InOrder", "2TreeTraversal_DFS_InOrder\2TreeTraversal_DFS_InOrder.csproj", "{21F170B5-AD5D-438F-92A4-10AB3C8D5121}"
EndProject
Project("{FAE04EC0-301F-11D3-BF4B-00C04F79EFBC}") = "2TreeTraversal_DFS_PostOrder", "2TreeTraversal_DFS_PostOrder\2TreeTraversal_DFS_PostOrder.csproj", "{359631C4-C994-47FC-8378-3BB098915CAB}"
EndProject
Project("{FAE04EC0-301F-11D3-BF4B-00C04F79EFBC}") = "2TreeTraversal_DFS_PreOrder", "2TreeTraversal_DFS_PreOrder\2TreeTraversal_DFS_PreOrder.csproj", "{144672F7-5E3A-4813-9331-3D88E681033A}"
EndProject
Project("{FAE04EC0-301F-11D3-BF4B-00C04F79EFBC}") = "3HeightofBinaryTree", "3HeightofBinaryTree\3HeightofBinaryTree.csproj", "{B4183248-FBA7-4191-A672-BA3C4FE887B2}"
EndProject
Project("{FAE04EC0-301F-11D3-BF4B-00C04F79EFBC}") = "4SumofNodesinBinaryTree", "4SumofNodesinBinaryTree\4SumofNodesinBinaryTree.csproj", "{80FB0B37-A9BF-4897-B1B9-6F21EA3A9899}"
EndProject
Project("{FAE04EC0-301F-11D3-BF4B-00C04F79EFBC}") = "5PrintNodesatDistanceK", "5PrintNodesatDistanceK\5PrintNodesatDistanceK.csproj", "{924332FD-A42B-4F77-814D-66A04100F5D9}"
EndProject
Project("{FAE04EC0-301F-11D3-BF4B-00C04F79EFBC}") = "10MaxVlaueinBinaryTree", "10MaxVlaueinBinaryTree\10MaxVlaueinBinaryTree.csproj", "{64B862F3-E9FC-47B6-BCF9-8FE78BF77157}"
EndProject
Project("{FAE04EC0-301F-11D3-BF4B-00C04F79EFBC}") = "11PrintleftviewofBinaryTree", "11PrintleftviewofBinaryTree\11PrintleftviewofBinaryTree.csproj", "{6DA80B78-088A-4E5A-BE25-E2AE11839446}"
EndProject
Project("{FAE04EC0-301F-11D3-BF4B-00C04F79EFBC}") = "12ChildrenSumProperty", "12ChildrenSumProperty\12ChildrenSumProperty.csproj", "{24D8C181-F7C5-4377-A04D-A729F1F1C2EB}"
EndProject
Project("{FAE04EC0-301F-11D3-BF4B-00C04F79EFBC}") = "LevelOrderTraversal_BFS", "6LevelOrderTraversal_BFS\LevelOrderTraversal_BFS.csproj", "{5DFBC179-77DB-45B3-ADD2-C325EB1AC96E}"
EndProject
Project("{FAE04EC0-301F-11D3-BF4B-00C04F79EFBC}") = "LevelOrderPrintLineByLine", "7LevelOrderPrintLineByLine\LevelOrderPrintLineByLine.csproj", "{9ECBEEB4-DCD7-4EC4-B7B5-28F6EC614035}"
EndProject
Project("{FAE04EC0-301F-11D3-BF4B-00C04F79EFBC}") = "7LevelOrderPrintLineByLine2", "8LevelOrderPrintLineByLine2\7LevelOrderPrintLineByLine2.csproj", "{67247FF3-11B7-49EA-A565-26E3B5807EF4}"
EndProject
Project("{FAE04EC0-301F-11D3-BF4B-00C04F79EFBC}") = "9sizeofBinaryTree", "9sizeofBinaryTree\9sizeofBinaryTree.csproj", "{89A486F1-6569-4876-B333-74D4F897D98C}"
EndProject
Global
	GlobalSection(SolutionConfigurationPlatforms) = preSolution
		Debug|Any CPU = Debug|Any CPU
		Debug|x64 = Debug|x64
		Debug|x86 = Debug|x86
		Release|Any CPU = Release|Any CPU
		Release|x64 = Release|x64
		Release|x86 = Release|x86
	EndGlobalSection
	GlobalSection(SolutionProperties) = preSolution
		HideSolutionNode = FALSE
	EndGlobalSection
	GlobalSection(ProjectConfigurationPlatforms) = postSolution
		{CF47A37D-36EF-4D2F-B623-480C97C9A51B}.Debug|Any CPU.ActiveCfg = Debug|Any CPU
		{CF47A37D-36EF-4D2F-B623-480C97C9A51B}.Debug|Any CPU.Build.0 = Debug|Any CPU
		{CF47A37D-36EF-4D2F-B623-480C97C9A51B}.Debug|x64.ActiveCfg = Debug|Any CPU
		{CF47A37D-36EF-4D2F-B623-480C97C9A51B}.Debug|x64.Build.0 = Debug|Any CPU
		{CF47A37D-36EF-4D2F-B623-480C97C9A51B}.Debug|x86.ActiveCfg = Debug|Any CPU
		{CF47A37D-36EF-4D2F-B623-480C97C9A51B}.Debug|x86.Build.0 = Debug|Any CPU
		{CF47A37D-36EF-4D2F-B623-480C97C9A51B}.Release|Any CPU.ActiveCfg = Release|Any CPU
		{CF47A37D-36EF-4D2F-B623-480C97C9A51B}.Release|Any CPU.Build.0 = Release|Any CPU
		{CF47A37D-36EF-4D2F-B623-480C97C9A51B}.Release|x64.ActiveCfg = Release|Any CPU
		{CF47A37D-36EF-4D2F-B623-480C97C9A51B}.Release|x64.Build.0 = Release|Any CPU
		{CF47A37D-36EF-4D2F-B623-480C97C9A51B}.Release|x86.ActiveCfg = Release|Any CPU
		{CF47A37D-36EF-4D2F-B623-480C97C9A51B}.Release|x86.Build.0 = Release|Any CPU
		{21F170B5-AD5D-438F-92A4-10AB3C8D5121}.Debug|Any CPU.ActiveCfg = Debug|Any CPU
		{21F170B5-AD5D-438F-92A4-10AB3C8D5121}.Debug|Any CPU.Build.0 = Debug|Any CPU
		{21F170B5-AD5D-438F-92A4-10AB3C8D5121}.Debug|x64.ActiveCfg = Debug|Any CPU
		{21F170B5-AD5D-438F-92A4-10AB3C8D5121}.Debug|x64.Build.0 = Debug|Any CPU
		{21F170B5-AD5D-438F-92A4-10AB3C8D5121}.Debug|x86.ActiveCfg = Debug|Any CPU
		{21F170B5-AD5D-438F-92A4-10AB3C8D5121}.Debug|x86.Build.0 = Debug|Any CPU
		{21F170B5-AD5D-438F-92A4-10AB3C8D5121}.Release|Any CPU.ActiveCfg = Release|Any CPU
		{21F170B5-AD5D-438F-92A4-10AB3C8D5121}.Release|Any CPU.Build.0 = Release|Any CPU
		{21F170B5-AD5D-438F-92A4-10AB3C8D5121}.Release|x64.ActiveCfg = Release|Any CPU
		{21F170B5-AD5D-438F-92A4-10AB3C8D5121}.Release|x64.Build.0 = Release|Any CPU
		{21F170B5-AD5D-438F-92A4-10AB3C8D5121}.Release|x86.ActiveCfg = Release|Any CPU
		{21F170B5-AD5D-438F-92A4-10AB3C8D5121}.Release|x86.Build.0 = Release|Any CPU
		{359631C4-C994-47FC-8378-3BB098915CAB}.Debug|Any CPU.ActiveCfg = Debug|Any CPU
		{359631C4-C994-47FC-8378-3BB098915CAB}.Debug|Any CPU.Build.0 = Debug|Any CPU
		{359631C4-C994-47FC-8378-3BB098915CAB}.Debug|x64.ActiveCfg = Debug|Any CPU
		{359631C4-C994-47FC-8378-3BB098915CAB}.Debug|x64.Build.0 = Debug|Any CPU
		{359631C4-C994-47FC-8378-3BB098915CAB}.Debug|x86.ActiveCfg = Debug|Any CPU
		{359631C4-C994-47FC-8378-3BB098915CAB}.Debug|x86.Build.0 = Debug|Any CPU
		{359631C4-C994-47FC-8378-3BB098915CAB}.Release|Any CPU.ActiveCfg = Release|Any CPU
		{359631C4-C994-47FC-8378-3BB098915CAB}.Release|Any CPU.Build.0 = Release|Any CPU
		{359631C4-C994-47FC-8378-3BB098915CAB}.Release|x64.ActiveCfg = Release|Any CPU
		{359631C4-C994-47FC-8378-3BB098915CAB}.Release|x64.Build.0 = Release|Any CPU
		{359631C4-C994-47FC-8378-3BB098915CAB}.Release|x86.ActiveCfg = Release|Any CPU
		{359631C4-C994-47FC-8378-3BB098915CAB}.Release|x86.Build.0 = Release|Any CPU
		{144672F7-5E3A-4813-9331-3D88E681033A}.Debug|Any CPU.ActiveCfg = Debug|Any CPU
		{144672F7-5E3A-4813-9331-3D88E681033A}.Debug|Any CPU.Build.0 = Debug|Any CPU
		{144672F7-5E3A-4813-9331-3D88E681033A}.Debug|x64.ActiveCfg = Debug|Any CPU
		{144672F7-5E3A-4813-9331-3D88E681033A}.Debug|x64.Build.0 = Debug|Any CPU
		{144672F7-5E3A-4813-9331-3D88E681033A}.Debug|x86.ActiveCfg = Debug|Any CPU
		{144672F7-5E3A-4813-9331-3D88E681033A}.Debug|x86.Build.0 = Debug|Any CPU
		{144672F7-5E3A-4813-9331-3D88E681033A}.Release|Any CPU.ActiveCfg = Release|Any CPU
		{144672F7-5E3A-4813-9331-3D88E681033A}.Release|Any CPU.Build.0 = Release|Any CPU
		{144672F7-5E3A-4813-9331-3D88E681033A}.Release|x64.ActiveCfg = Release|Any CPU
		{144672F7-5E3A-4813-9331-3D88E681033A}.Release|x64.Build.0 = Release|Any CPU
		{144672F7-5E3A-4813-9331-3D88E681033A}.Release|x86.ActiveCfg = Release|Any CPU
		{144672F7-5E3A-4813-9331-3D88E681033A}.Release|x86.Build.0 = Release|Any CPU
		{B4183248-FBA7-4191-A672-BA3C4FE887B2}.Debug|Any CPU.ActiveCfg = Debug|Any CPU
		{B4183248-FBA7-4191-A672-BA3C4FE887B2}.Debug|Any CPU.Build.0 = Debug|Any CPU
		{B4183248-FBA7-4191-A672-BA3C4FE887B2}.Debug|x64.ActiveCfg = Debug|Any CPU
		{B4183248-FBA7-4191-A672-BA3C4FE887B2}.Debug|x64.Build.0 = Debug|Any CPU
		{B4183248-FBA7-4191-A672-BA3C4FE887B2}.Debug|x86.ActiveCfg = Debug|Any CPU
		{B4183248-FBA7-4191-A672-BA3C4FE887B2}.Debug|x86.Build.0 = Debug|Any CPU
		{B4183248-FBA7-4191-A672-BA3C4FE887B2}.Release|Any CPU.ActiveCfg = Release|Any CPU
		{B4183248-FBA7-4191-A672-BA3C4FE887B2}.Release|Any CPU.Build.0 = Release|Any CPU
		{B4183248-FBA7-4191-A672-BA3C4FE887B2}.Release|x64.ActiveCfg = Release|Any CPU
		{B4183248-FBA7-4191-A672-BA3C4FE887B2}.Release|x64.Build.0 = Release|Any CPU
		{B4183248-FBA7-4191-A672-BA3C4FE887B2}.Release|x86.ActiveCfg = Release|Any CPU
		{B4183248-FBA7-4191-A672-BA3C4FE887B2}.Release|x86.Build.0 = Release|Any CPU
		{80FB0B37-A9BF-4897-B1B9-6F21EA3A9899}.Debug|Any CPU.ActiveCfg = Debug|Any CPU
		{80FB0B37-A9BF-4897-B1B9-6F21EA3A9899}.Debug|Any CPU.Build.0 = Debug|Any CPU
		{80FB0B37-A9BF-4897-B1B9-6F21EA3A9899}.Debug|x64.ActiveCfg = Debug|Any CPU
		{80FB0B37-A9BF-4897-B1B9-6F21EA3A9899}.Debug|x64.Build.0 = Debug|Any CPU
		{80FB0B37-A9BF-4897-B1B9-6F21EA3A9899}.Debug|x86.ActiveCfg = Debug|Any CPU
		{80FB0B37-A9BF-4897-B1B9-6F21EA3A9899}.Debug|x86.Build.0 = Debug|Any CPU
		{80FB0B37-A9BF-4897-B1B9-6F21EA3A9899}.Release|Any CPU.ActiveCfg = Release|Any CPU
		{80FB0B37-A9BF-4897-B1B9-6F21EA3A9899}.Release|Any CPU.Build.0 = Release|Any CPU
		{80FB0B37-A9BF-4897-B1B9-6F21EA3A9899}.Release|x64.ActiveCfg = Release|Any CPU
		{80FB0B37-A9BF-4897-B1B9-6F21EA3A9899}.Release|x64.Build.0 = Release|Any CPU
		{80FB0B37-A9BF-4897-B1B9-6F21EA3A9899}.Release|x86.ActiveCfg = Release|Any CPU
		{80FB0B37-A9BF-4897-B1B9-6F21EA3A9899}.Release|x86.Build.0 = Release|Any CPU
		{924332FD-A42B-4F77-814D-66A04100F5D9}.Debug|Any CPU.ActiveCfg = Debug|Any CPU
		{924332FD-A42B-4F77-814D-66A04100F5D9}.Debug|Any CPU.Build.0 = Debug|Any CPU
		{924332FD-A42B-4F77-814D-66A04100F5D9}.Debug|x64.ActiveCfg = Debug|Any CPU
		{924332FD-A42B-4F77-814D-66A04100F5D9}.Debug|x64.Build.0 = Debug|Any CPU
		{924332FD-A42B-4F77-814D-66A04100F5D9}.Debug|x86.ActiveCfg = Debug|Any CPU
		{924332FD-A42B-4F77-814D-66A04100F5D9}.Debug|x86.Build.0 = Debug|Any CPU
		{924332FD-A42B-4F77-814D-66A04100F5D9}.Release|Any CPU.ActiveCfg = Release|Any CPU
		{924332FD-A42B-4F77-814D-66A04100F5D9}.Release|Any CPU.Build.0 = Release|Any CPU
		{924332FD-A42B-4F77-814D-66A04100F5D9}.Release|x64.ActiveCfg = Release|Any CPU
		{924332FD-A42B-4F77-814D-66A04100F5D9}.Release|x64.Build.0 = Release|Any CPU
		{924332FD-A42B-4F77-814D-66A04100F5D9}.Release|x86.ActiveCfg = Release|Any CPU
		{924332FD-A42B-4F77-814D-66A04100F5D9}.Release|x86.Build.0 = Release|Any CPU
		{64B862F3-E9FC-47B6-BCF9-8FE78BF77157}.Debug|Any CPU.ActiveCfg = Debug|Any CPU
		{64B862F3-E9FC-47B6-BCF9-8FE78BF77157}.Debug|Any CPU.Build.0 = Debug|Any CPU
		{64B862F3-E9FC-47B6-BCF9-8FE78BF77157}.Debug|x64.ActiveCfg = Debug|Any CPU
		{64B862F3-E9FC-47B6-BCF9-8FE78BF77157}.Debug|x64.Build.0 = Debug|Any CPU
		{64B862F3-E9FC-47B6-BCF9-8FE78BF77157}.Debug|x86.ActiveCfg = Debug|Any CPU
		{64B862F3-E9FC-47B6-BCF9-8FE78BF77157}.Debug|x86.Build.0 = Debug|Any CPU
		{64B862F3-E9FC-47B6-BCF9-8FE78BF77157}.Release|Any CPU.ActiveCfg = Release|Any CPU
		{64B862F3-E9FC-47B6-BCF9-8FE78BF77157}.Release|Any CPU.Build.0 = Release|Any CPU
		{64B862F3-E9FC-47B6-BCF9-8FE78BF77157}.Release|x64.ActiveCfg = Release|Any CPU
		{64B862F3-E9FC-47B6-BCF9-8FE78BF77157}.Release|x64.Build.0 = Release|Any CPU
		{64B862F3-E9FC-47B6-BCF9-8FE78BF77157}.Release|x86.ActiveCfg = Release|Any CPU
		{64B862F3-E9FC-47B6-BCF9-8FE78BF77157}.Release|x86.Build.0 = Release|Any CPU
		{6DA80B78-088A-4E5A-BE25-E2AE11839446}.Debug|Any CPU.ActiveCfg = Debug|Any CPU
		{6DA80B78-088A-4E5A-BE25-E2AE11839446}.Debug|Any CPU.Build.0 = Debug|Any CPU
		{6DA80B78-088A-4E5A-BE25-E2AE11839446}.Debug|x64.ActiveCfg = Debug|Any CPU
		{6DA80B78-088A-4E5A-BE25-E2AE11839446}.Debug|x64.Build.0 = Debug|Any CPU
		{6DA80B78-088A-4E5A-BE25-E2AE11839446}.Debug|x86.ActiveCfg = Debug|Any CPU
		{6DA80B78-088A-4E5A-BE25-E2AE11839446}.Debug|x86.Build.0 = Debug|Any CPU
		{6DA80B78-088A-4E5A-BE25-E2AE11839446}.Release|Any CPU.ActiveCfg = Release|Any CPU
		{6DA80B78-088A-4E5A-BE25-E2AE11839446}.Release|Any CPU.Build.0 = Release|Any CPU
		{6DA80B78-088A-4E5A-BE25-E2AE11839446}.Release|x64.ActiveCfg = Release|Any CPU
		{6DA80B78-088A-4E5A-BE25-E2AE11839446}.Release|x64.Build.0 = Release|Any CPU
		{6DA80B78-088A-4E5A-BE25-E2AE11839446}.Release|x86.ActiveCfg = Release|Any CPU
		{6DA80B78-088A-4E5A-BE25-E2AE11839446}.Release|x86.Build.0 = Release|Any CPU
		{24D8C181-F7C5-4377-A04D-A729F1F1C2EB}.Debug|Any CPU.ActiveCfg = Debug|Any CPU
		{24D8C181-F7C5-4377-A04D-A729F1F1C2EB}.Debug|Any CPU.Build.0 = Debug|Any CPU
		{24D8C181-F7C5-4377-A04D-A729F1F1C2EB}.Debug|x64.ActiveCfg = Debug|Any CPU
		{24D8C181-F7C5-4377-A04D-A729F1F1C2EB}.Debug|x64.Build.0 = Debug|Any CPU
		{24D8C181-F7C5-4377-A04D-A729F1F1C2EB}.Debug|x86.ActiveCfg = Debug|Any CPU
		{24D8C181-F7C5-4377-A04D-A729F1F1C2EB}.Debug|x86.Build.0 = Debug|Any CPU
		{24D8C181-F7C5-4377-A04D-A729F1F1C2EB}.Release|Any CPU.ActiveCfg = Release|Any CPU
		{24D8C181-F7C5-4377-A04D-A729F1F1C2EB}.Release|Any CPU.Build.0 = Release|Any CPU
		{24D8C181-F7C5-4377-A04D-A729F1F1C2EB}.Release|x64.ActiveCfg = Release|Any CPU
		{24D8C181-F7C5-4377-A04D-A729F1F1C2EB}.Release|x64.Build.0 = Release|Any CPU
		{24D8C181-F7C5-4377-A04D-A729F1F1C2EB}.Release|x86.ActiveCfg = Release|Any CPU
		{24D8C181-F7C5-4377-A04D-A729F1F1C2EB}.Release|x86.Build.0 = Release|Any CPU
		{5DFBC179-77DB-45B3-ADD2-C325EB1AC96E}.Debug|Any CPU.ActiveCfg = Debug|Any CPU
		{5DFBC179-77DB-45B3-ADD2-C325EB1AC96E}.Debug|Any CPU.Build.0 = Debug|Any CPU
		{5DFBC179-77DB-45B3-ADD2-C325EB1AC96E}.Debug|x64.ActiveCfg = Debug|Any CPU
		{5DFBC179-77DB-45B3-ADD2-C325EB1AC96E}.Debug|x64.Build.0 = Debug|Any CPU
		{5DFBC179-77DB-45B3-ADD2-C325EB1AC96E}.Debug|x86.ActiveCfg = Debug|Any CPU
		{5DFBC179-77DB-45B3-ADD2-C325EB1AC96E}.Debug|x86.Build.0 = Debug|Any CPU
		{5DFBC179-77DB-45B3-ADD2-C325EB1AC96E}.Release|Any CPU.ActiveCfg = Release|Any CPU
		{5DFBC179-77DB-45B3-ADD2-C325EB1AC96E}.Release|Any CPU.Build.0 = Release|Any CPU
		{5DFBC179-77DB-45B3-ADD2-C325EB1AC96E}.Release|x64.ActiveCfg = Release|Any CPU
		{5DFBC179-77DB-45B3-ADD2-C325EB1AC96E}.Release|x64.Build.0 = Release|Any CPU
		{5DFBC179-77DB-45B3-ADD2-C325EB1AC96E}.Release|x86.ActiveCfg = Release|Any CPU
		{5DFBC179-77DB-45B3-ADD2-C325EB1AC96E}.Release|x86.Build.0 = Release|Any CPU
		{9ECBEEB4-DCD7-4EC4-B7B5-28F6EC614035}.Debug|Any CPU.ActiveCfg = Debug|Any CPU
		{9ECBEEB4-DCD7-4EC4-B7B5-28F6EC614035}.Debug|Any CPU.Build.0 = Debug|Any CPU
		{9ECBEEB4-DCD7-4EC4-B7B5-28F6EC614035}.Debug|x64.ActiveCfg = Debug|Any CPU
		{9ECBEEB4-DCD7-4EC4-B7B5-28F6EC614035}.Debug|x64.Build.0 = Debug|Any CPU
		{9ECBEEB4-DCD7-4EC4-B7B5-28F6EC614035}.Debug|x86.ActiveCfg = Debug|Any CPU
		{9ECBEEB4-DCD7-4EC4-B7B5-28F6EC614035}.Debug|x86.Build.0 = Debug|Any CPU
		{9ECBEEB4-DCD7-4EC4-B7B5-28F6EC614035}.Release|Any CPU.ActiveCfg = Release|Any CPU
		{9ECBEEB4-DCD7-4EC4-B7B5-28F6EC614035}.Release|Any CPU.Build.0 = Release|Any CPU
		{9ECBEEB4-DCD7-4EC4-B7B5-28F6EC614035}.Release|x64.ActiveCfg = Release|Any CPU
		{9ECBEEB4-DCD7-4EC4-B7B5-28F6EC614035}.Release|x64.Build.0 = Release|Any CPU
		{9ECBEEB4-DCD7-4EC4-B7B5-28F6EC614035}.Release|x86.ActiveCfg = Release|Any CPU
		{9ECBEEB4-DCD7-4EC4-B7B5-28F6EC614035}.Release|x86.Build.0 = Release|Any CPU
		{67247FF3-11B7-49EA-A565-26E3B5807EF4}.Debug|Any CPU.ActiveCfg = Debug|Any CPU
		{67247FF3-11B7-49EA-A565-26E3B5807EF4}.Debug|Any CPU.Build.0 = Debug|Any CPU
		{67247FF3-11B7-49EA-A565-26E3B5807EF4}.Debug|x64.ActiveCfg = Debug|Any CPU
		{67247FF3-11B7-49EA-A565-26E3B5807EF4}.Debug|x64.Build.0 = Debug|Any CPU
		{67247FF3-11B7-49EA-A565-26E3B5807EF4}.Debug|x86.ActiveCfg = Debug|Any CPU
		{67247FF3-11B7-49EA-A565-26E3B5807EF4}.Debug|x86.Build.0 = Debug|Any CPU
		{67247FF3-11B7-49EA-A565-26E3B5807EF4}.Release|Any CPU.ActiveCfg = Release|Any CPU
		{67247FF3-11B7-49EA-A565-26E3B5807EF4}.Release|Any CPU.Build.0 = Release|Any CPU
		{67247FF3-11B7-49EA-A565-26E3B5807EF4}.Release|x64.ActiveCfg = Release|Any CPU
		{67247FF3-11B7-49EA-A565-26E3B5807EF4}.Release|x64.Build.0 = Release|Any CPU
		{67247FF3-11B7-49EA-A565-26E3B5807EF4}.Release|x86.ActiveCfg = Release|Any CPU
		{67247FF3-11B7-49EA-A565-26E3B5807EF4}.Release|x86.Build.0 = Release|Any CPU
		{89A486F1-6569-4876-B333-74D4F897D98C}.Debug|Any CPU.ActiveCfg = Debug|Any CPU
		{89A486F1-6569-4876-B333-74D4F897D98C}.Debug|Any CPU.Build.0 = Debug|Any CPU
		{89A486F1-6569-4876-B333-74D4F897D98C}.Debug|x64.ActiveCfg = Debug|Any CPU
		{89A486F1-6569-4876-B333-74D4F897D98C}.Debug|x64.Build.0 = Debug|Any CPU
		{89A486F1-6569-4876-B333-74D4F897D98C}.Debug|x86.ActiveCfg = Debug|Any CPU
		{89A486F1-6569-4876-B333-74D4F897D98C}.Debug|x86.Build.0 = Debug|Any CPU
		{89A486F1-6569-4876-B333-74D4F897D98C}.Release|Any CPU.ActiveCfg = Release|Any CPU
		{89A486F1-6569-4876-B333-74D4F897D98C}.Release|Any CPU.Build.0 = Release|Any CPU
		{89A486F1-6569-4876-B333-74D4F897D98C}.Release|x64.ActiveCfg = Release|Any CPU
		{89A486F1-6569-4876-B333-74D4F897D98C}.Release|x64.Build.0 = Release|Any CPU
		{89A486F1-6569-4876-B333-74D4F897D98C}.Release|x86.ActiveCfg = Release|Any CPU
		{89A486F1-6569-4876-B333-74D4F897D98C}.Release|x86.Build.0 = Release|Any CPU
	EndGlobalSection
EndGlobal
