
Microsoft Visual Studio Solution File, Format Version 12.00
# Visual Studio Version 16
VisualStudioVersion = 16.0.30413.136
MinimumVisualStudioVersion = 15.0.26124.0
Project("{9A19103F-16F7-4668-BE54-9A1E7A4F7556}") = "1LengthofLL", "1LengthofLL\1LengthofLL.csproj", "{87CB1C92-5D4E-4EFE-8145-5BCCFCABC696}"
EndProject
Project("{9A19103F-16F7-4668-BE54-9A1E7A4F7556}") = "2FindValueOfaNode", "2FindValueOfaNode\2FindValueOfaNode.csproj", "{BC847BF8-791A-4D1D-8252-027FACF7061F}"
EndProject
Project("{FAE04EC0-301F-11D3-BF4B-00C04F79EFBC}") = "3NthNodeFromEndOfLL", "3NthNodeFromEndOfLL\3NthNodeFromEndOfLL.csproj", "{05305880-27BA-4A4D-B136-21167682DBE2}"
EndProject
Project("{FAE04EC0-301F-11D3-BF4B-00C04F79EFBC}") = "4GetMiddleOfLL", "4GetMiddleOfLL\4GetMiddleOfLL.csproj", "{6D14B7C6-91DD-4D1B-91A3-5F4C70B9D3D1}"
EndProject
Project("{FAE04EC0-301F-11D3-BF4B-00C04F79EFBC}") = "5DivideaLL", "5DivideaLL\5DivideaLL.csproj", "{7870B024-338D-43F9-8A8B-E78D4BE153C1}"
EndProject
Project("{FAE04EC0-301F-11D3-BF4B-00C04F79EFBC}") = "6MoveLLbyNplace", "6MoveLLbyNplace\6MoveLLbyNplace.csproj", "{67BDC85E-8A3A-4480-9B54-797132CEE6BE}"
EndProject
Project("{FAE04EC0-301F-11D3-BF4B-00C04F79EFBC}") = "7MiddleOfLL", "7MiddleOfLL\7MiddleOfLL.csproj", "{C1A204B5-A241-4CB1-BC0A-21E057FC30F4}"
EndProject
Project("{FAE04EC0-301F-11D3-BF4B-00C04F79EFBC}") = "8DesignaLL__Leetcode707", "8DesignaLL__Leetcode707\8DesignaLL__Leetcode707.csproj", "{B1E23567-5F56-411F-9728-DC42931E6426}"
EndProject
Project("{FAE04EC0-301F-11D3-BF4B-00C04F79EFBC}") = "10DetectLoopinLL", "10DetectLoopinLL\10DetectLoopinLL.csproj", "{1418FF92-8972-471D-ACB2-FD302DBB2328}"
EndProject
Project("{FAE04EC0-301F-11D3-BF4B-00C04F79EFBC}") = "9PrintValuesofLLAsc&Desc_recursively", "9PrintValuesofLLAsc&Desc_recursively\9PrintValuesofLLAsc&Desc_recursively.csproj", "{0C5DE46A-91C4-4AF3-880C-2BCF0BB48771}"
EndProject
Project("{FAE04EC0-301F-11D3-BF4B-00C04F79EFBC}") = "11breakCycleinLL", "11breakCycleinLL\11breakCycleinLL.csproj", "{3B106F5B-A1E1-4856-BF89-6F002660E1CF}"
EndProject
Global
	GlobalSection(SolutionConfigurationPlatforms) = preSolution
		Debug|Any CPU = Debug|Any CPU
		Debug|x64 = Debug|x64
		Debug|x86 = Debug|x86
		Release|Any CPU = Release|Any CPU
		Release|x64 = Release|x64
		Release|x86 = Release|x86
	EndGlobalSection
	GlobalSection(ProjectConfigurationPlatforms) = postSolution
		{87CB1C92-5D4E-4EFE-8145-5BCCFCABC696}.Debug|Any CPU.ActiveCfg = Debug|Any CPU
		{87CB1C92-5D4E-4EFE-8145-5BCCFCABC696}.Debug|Any CPU.Build.0 = Debug|Any CPU
		{87CB1C92-5D4E-4EFE-8145-5BCCFCABC696}.Debug|x64.ActiveCfg = Debug|Any CPU
		{87CB1C92-5D4E-4EFE-8145-5BCCFCABC696}.Debug|x64.Build.0 = Debug|Any CPU
		{87CB1C92-5D4E-4EFE-8145-5BCCFCABC696}.Debug|x86.ActiveCfg = Debug|Any CPU
		{87CB1C92-5D4E-4EFE-8145-5BCCFCABC696}.Debug|x86.Build.0 = Debug|Any CPU
		{87CB1C92-5D4E-4EFE-8145-5BCCFCABC696}.Release|Any CPU.ActiveCfg = Release|Any CPU
		{87CB1C92-5D4E-4EFE-8145-5BCCFCABC696}.Release|Any CPU.Build.0 = Release|Any CPU
		{87CB1C92-5D4E-4EFE-8145-5BCCFCABC696}.Release|x64.ActiveCfg = Release|Any CPU
		{87CB1C92-5D4E-4EFE-8145-5BCCFCABC696}.Release|x64.Build.0 = Release|Any CPU
		{87CB1C92-5D4E-4EFE-8145-5BCCFCABC696}.Release|x86.ActiveCfg = Release|Any CPU
		{87CB1C92-5D4E-4EFE-8145-5BCCFCABC696}.Release|x86.Build.0 = Release|Any CPU
		{BC847BF8-791A-4D1D-8252-027FACF7061F}.Debug|Any CPU.ActiveCfg = Debug|Any CPU
		{BC847BF8-791A-4D1D-8252-027FACF7061F}.Debug|Any CPU.Build.0 = Debug|Any CPU
		{BC847BF8-791A-4D1D-8252-027FACF7061F}.Debug|x64.ActiveCfg = Debug|Any CPU
		{BC847BF8-791A-4D1D-8252-027FACF7061F}.Debug|x64.Build.0 = Debug|Any CPU
		{BC847BF8-791A-4D1D-8252-027FACF7061F}.Debug|x86.ActiveCfg = Debug|Any CPU
		{BC847BF8-791A-4D1D-8252-027FACF7061F}.Debug|x86.Build.0 = Debug|Any CPU
		{BC847BF8-791A-4D1D-8252-027FACF7061F}.Release|Any CPU.ActiveCfg = Release|Any CPU
		{BC847BF8-791A-4D1D-8252-027FACF7061F}.Release|Any CPU.Build.0 = Release|Any CPU
		{BC847BF8-791A-4D1D-8252-027FACF7061F}.Release|x64.ActiveCfg = Release|Any CPU
		{BC847BF8-791A-4D1D-8252-027FACF7061F}.Release|x64.Build.0 = Release|Any CPU
		{BC847BF8-791A-4D1D-8252-027FACF7061F}.Release|x86.ActiveCfg = Release|Any CPU
		{BC847BF8-791A-4D1D-8252-027FACF7061F}.Release|x86.Build.0 = Release|Any CPU
		{05305880-27BA-4A4D-B136-21167682DBE2}.Debug|Any CPU.ActiveCfg = Debug|Any CPU
		{05305880-27BA-4A4D-B136-21167682DBE2}.Debug|Any CPU.Build.0 = Debug|Any CPU
		{05305880-27BA-4A4D-B136-21167682DBE2}.Debug|x64.ActiveCfg = Debug|Any CPU
		{05305880-27BA-4A4D-B136-21167682DBE2}.Debug|x64.Build.0 = Debug|Any CPU
		{05305880-27BA-4A4D-B136-21167682DBE2}.Debug|x86.ActiveCfg = Debug|Any CPU
		{05305880-27BA-4A4D-B136-21167682DBE2}.Debug|x86.Build.0 = Debug|Any CPU
		{05305880-27BA-4A4D-B136-21167682DBE2}.Release|Any CPU.ActiveCfg = Release|Any CPU
		{05305880-27BA-4A4D-B136-21167682DBE2}.Release|Any CPU.Build.0 = Release|Any CPU
		{05305880-27BA-4A4D-B136-21167682DBE2}.Release|x64.ActiveCfg = Release|Any CPU
		{05305880-27BA-4A4D-B136-21167682DBE2}.Release|x64.Build.0 = Release|Any CPU
		{05305880-27BA-4A4D-B136-21167682DBE2}.Release|x86.ActiveCfg = Release|Any CPU
		{05305880-27BA-4A4D-B136-21167682DBE2}.Release|x86.Build.0 = Release|Any CPU
		{6D14B7C6-91DD-4D1B-91A3-5F4C70B9D3D1}.Debug|Any CPU.ActiveCfg = Debug|Any CPU
		{6D14B7C6-91DD-4D1B-91A3-5F4C70B9D3D1}.Debug|Any CPU.Build.0 = Debug|Any CPU
		{6D14B7C6-91DD-4D1B-91A3-5F4C70B9D3D1}.Debug|x64.ActiveCfg = Debug|Any CPU
		{6D14B7C6-91DD-4D1B-91A3-5F4C70B9D3D1}.Debug|x64.Build.0 = Debug|Any CPU
		{6D14B7C6-91DD-4D1B-91A3-5F4C70B9D3D1}.Debug|x86.ActiveCfg = Debug|Any CPU
		{6D14B7C6-91DD-4D1B-91A3-5F4C70B9D3D1}.Debug|x86.Build.0 = Debug|Any CPU
		{6D14B7C6-91DD-4D1B-91A3-5F4C70B9D3D1}.Release|Any CPU.ActiveCfg = Release|Any CPU
		{6D14B7C6-91DD-4D1B-91A3-5F4C70B9D3D1}.Release|Any CPU.Build.0 = Release|Any CPU
		{6D14B7C6-91DD-4D1B-91A3-5F4C70B9D3D1}.Release|x64.ActiveCfg = Release|Any CPU
		{6D14B7C6-91DD-4D1B-91A3-5F4C70B9D3D1}.Release|x64.Build.0 = Release|Any CPU
		{6D14B7C6-91DD-4D1B-91A3-5F4C70B9D3D1}.Release|x86.ActiveCfg = Release|Any CPU
		{6D14B7C6-91DD-4D1B-91A3-5F4C70B9D3D1}.Release|x86.Build.0 = Release|Any CPU
		{7870B024-338D-43F9-8A8B-E78D4BE153C1}.Debug|Any CPU.ActiveCfg = Debug|Any CPU
		{7870B024-338D-43F9-8A8B-E78D4BE153C1}.Debug|Any CPU.Build.0 = Debug|Any CPU
		{7870B024-338D-43F9-8A8B-E78D4BE153C1}.Debug|x64.ActiveCfg = Debug|Any CPU
		{7870B024-338D-43F9-8A8B-E78D4BE153C1}.Debug|x64.Build.0 = Debug|Any CPU
		{7870B024-338D-43F9-8A8B-E78D4BE153C1}.Debug|x86.ActiveCfg = Debug|Any CPU
		{7870B024-338D-43F9-8A8B-E78D4BE153C1}.Debug|x86.Build.0 = Debug|Any CPU
		{7870B024-338D-43F9-8A8B-E78D4BE153C1}.Release|Any CPU.ActiveCfg = Release|Any CPU
		{7870B024-338D-43F9-8A8B-E78D4BE153C1}.Release|Any CPU.Build.0 = Release|Any CPU
		{7870B024-338D-43F9-8A8B-E78D4BE153C1}.Release|x64.ActiveCfg = Release|Any CPU
		{7870B024-338D-43F9-8A8B-E78D4BE153C1}.Release|x64.Build.0 = Release|Any CPU
		{7870B024-338D-43F9-8A8B-E78D4BE153C1}.Release|x86.ActiveCfg = Release|Any CPU
		{7870B024-338D-43F9-8A8B-E78D4BE153C1}.Release|x86.Build.0 = Release|Any CPU
		{67BDC85E-8A3A-4480-9B54-797132CEE6BE}.Debug|Any CPU.ActiveCfg = Debug|Any CPU
		{67BDC85E-8A3A-4480-9B54-797132CEE6BE}.Debug|Any CPU.Build.0 = Debug|Any CPU
		{67BDC85E-8A3A-4480-9B54-797132CEE6BE}.Debug|x64.ActiveCfg = Debug|Any CPU
		{67BDC85E-8A3A-4480-9B54-797132CEE6BE}.Debug|x64.Build.0 = Debug|Any CPU
		{67BDC85E-8A3A-4480-9B54-797132CEE6BE}.Debug|x86.ActiveCfg = Debug|Any CPU
		{67BDC85E-8A3A-4480-9B54-797132CEE6BE}.Debug|x86.Build.0 = Debug|Any CPU
		{67BDC85E-8A3A-4480-9B54-797132CEE6BE}.Release|Any CPU.ActiveCfg = Release|Any CPU
		{67BDC85E-8A3A-4480-9B54-797132CEE6BE}.Release|Any CPU.Build.0 = Release|Any CPU
		{67BDC85E-8A3A-4480-9B54-797132CEE6BE}.Release|x64.ActiveCfg = Release|Any CPU
		{67BDC85E-8A3A-4480-9B54-797132CEE6BE}.Release|x64.Build.0 = Release|Any CPU
		{67BDC85E-8A3A-4480-9B54-797132CEE6BE}.Release|x86.ActiveCfg = Release|Any CPU
		{67BDC85E-8A3A-4480-9B54-797132CEE6BE}.Release|x86.Build.0 = Release|Any CPU
		{C1A204B5-A241-4CB1-BC0A-21E057FC30F4}.Debug|Any CPU.ActiveCfg = Debug|Any CPU
		{C1A204B5-A241-4CB1-BC0A-21E057FC30F4}.Debug|Any CPU.Build.0 = Debug|Any CPU
		{C1A204B5-A241-4CB1-BC0A-21E057FC30F4}.Debug|x64.ActiveCfg = Debug|Any CPU
		{C1A204B5-A241-4CB1-BC0A-21E057FC30F4}.Debug|x64.Build.0 = Debug|Any CPU
		{C1A204B5-A241-4CB1-BC0A-21E057FC30F4}.Debug|x86.ActiveCfg = Debug|Any CPU
		{C1A204B5-A241-4CB1-BC0A-21E057FC30F4}.Debug|x86.Build.0 = Debug|Any CPU
		{C1A204B5-A241-4CB1-BC0A-21E057FC30F4}.Release|Any CPU.ActiveCfg = Release|Any CPU
		{C1A204B5-A241-4CB1-BC0A-21E057FC30F4}.Release|Any CPU.Build.0 = Release|Any CPU
		{C1A204B5-A241-4CB1-BC0A-21E057FC30F4}.Release|x64.ActiveCfg = Release|Any CPU
		{C1A204B5-A241-4CB1-BC0A-21E057FC30F4}.Release|x64.Build.0 = Release|Any CPU
		{C1A204B5-A241-4CB1-BC0A-21E057FC30F4}.Release|x86.ActiveCfg = Release|Any CPU
		{C1A204B5-A241-4CB1-BC0A-21E057FC30F4}.Release|x86.Build.0 = Release|Any CPU
		{B1E23567-5F56-411F-9728-DC42931E6426}.Debug|Any CPU.ActiveCfg = Debug|Any CPU
		{B1E23567-5F56-411F-9728-DC42931E6426}.Debug|Any CPU.Build.0 = Debug|Any CPU
		{B1E23567-5F56-411F-9728-DC42931E6426}.Debug|x64.ActiveCfg = Debug|Any CPU
		{B1E23567-5F56-411F-9728-DC42931E6426}.Debug|x64.Build.0 = Debug|Any CPU
		{B1E23567-5F56-411F-9728-DC42931E6426}.Debug|x86.ActiveCfg = Debug|Any CPU
		{B1E23567-5F56-411F-9728-DC42931E6426}.Debug|x86.Build.0 = Debug|Any CPU
		{B1E23567-5F56-411F-9728-DC42931E6426}.Release|Any CPU.ActiveCfg = Release|Any CPU
		{B1E23567-5F56-411F-9728-DC42931E6426}.Release|Any CPU.Build.0 = Release|Any CPU
		{B1E23567-5F56-411F-9728-DC42931E6426}.Release|x64.ActiveCfg = Release|Any CPU
		{B1E23567-5F56-411F-9728-DC42931E6426}.Release|x64.Build.0 = Release|Any CPU
		{B1E23567-5F56-411F-9728-DC42931E6426}.Release|x86.ActiveCfg = Release|Any CPU
		{B1E23567-5F56-411F-9728-DC42931E6426}.Release|x86.Build.0 = Release|Any CPU
		{1418FF92-8972-471D-ACB2-FD302DBB2328}.Debug|Any CPU.ActiveCfg = Debug|Any CPU
		{1418FF92-8972-471D-ACB2-FD302DBB2328}.Debug|Any CPU.Build.0 = Debug|Any CPU
		{1418FF92-8972-471D-ACB2-FD302DBB2328}.Debug|x64.ActiveCfg = Debug|Any CPU
		{1418FF92-8972-471D-ACB2-FD302DBB2328}.Debug|x64.Build.0 = Debug|Any CPU
		{1418FF92-8972-471D-ACB2-FD302DBB2328}.Debug|x86.ActiveCfg = Debug|Any CPU
		{1418FF92-8972-471D-ACB2-FD302DBB2328}.Debug|x86.Build.0 = Debug|Any CPU
		{1418FF92-8972-471D-ACB2-FD302DBB2328}.Release|Any CPU.ActiveCfg = Release|Any CPU
		{1418FF92-8972-471D-ACB2-FD302DBB2328}.Release|Any CPU.Build.0 = Release|Any CPU
		{1418FF92-8972-471D-ACB2-FD302DBB2328}.Release|x64.ActiveCfg = Release|Any CPU
		{1418FF92-8972-471D-ACB2-FD302DBB2328}.Release|x64.Build.0 = Release|Any CPU
		{1418FF92-8972-471D-ACB2-FD302DBB2328}.Release|x86.ActiveCfg = Release|Any CPU
		{1418FF92-8972-471D-ACB2-FD302DBB2328}.Release|x86.Build.0 = Release|Any CPU
		{0C5DE46A-91C4-4AF3-880C-2BCF0BB48771}.Debug|Any CPU.ActiveCfg = Debug|Any CPU
		{0C5DE46A-91C4-4AF3-880C-2BCF0BB48771}.Debug|Any CPU.Build.0 = Debug|Any CPU
		{0C5DE46A-91C4-4AF3-880C-2BCF0BB48771}.Debug|x64.ActiveCfg = Debug|Any CPU
		{0C5DE46A-91C4-4AF3-880C-2BCF0BB48771}.Debug|x64.Build.0 = Debug|Any CPU
		{0C5DE46A-91C4-4AF3-880C-2BCF0BB48771}.Debug|x86.ActiveCfg = Debug|Any CPU
		{0C5DE46A-91C4-4AF3-880C-2BCF0BB48771}.Debug|x86.Build.0 = Debug|Any CPU
		{0C5DE46A-91C4-4AF3-880C-2BCF0BB48771}.Release|Any CPU.ActiveCfg = Release|Any CPU
		{0C5DE46A-91C4-4AF3-880C-2BCF0BB48771}.Release|Any CPU.Build.0 = Release|Any CPU
		{0C5DE46A-91C4-4AF3-880C-2BCF0BB48771}.Release|x64.ActiveCfg = Release|Any CPU
		{0C5DE46A-91C4-4AF3-880C-2BCF0BB48771}.Release|x64.Build.0 = Release|Any CPU
		{0C5DE46A-91C4-4AF3-880C-2BCF0BB48771}.Release|x86.ActiveCfg = Release|Any CPU
		{0C5DE46A-91C4-4AF3-880C-2BCF0BB48771}.Release|x86.Build.0 = Release|Any CPU
		{3B106F5B-A1E1-4856-BF89-6F002660E1CF}.Debug|Any CPU.ActiveCfg = Debug|Any CPU
		{3B106F5B-A1E1-4856-BF89-6F002660E1CF}.Debug|Any CPU.Build.0 = Debug|Any CPU
		{3B106F5B-A1E1-4856-BF89-6F002660E1CF}.Debug|x64.ActiveCfg = Debug|Any CPU
		{3B106F5B-A1E1-4856-BF89-6F002660E1CF}.Debug|x64.Build.0 = Debug|Any CPU
		{3B106F5B-A1E1-4856-BF89-6F002660E1CF}.Debug|x86.ActiveCfg = Debug|Any CPU
		{3B106F5B-A1E1-4856-BF89-6F002660E1CF}.Debug|x86.Build.0 = Debug|Any CPU
		{3B106F5B-A1E1-4856-BF89-6F002660E1CF}.Release|Any CPU.ActiveCfg = Release|Any CPU
		{3B106F5B-A1E1-4856-BF89-6F002660E1CF}.Release|Any CPU.Build.0 = Release|Any CPU
		{3B106F5B-A1E1-4856-BF89-6F002660E1CF}.Release|x64.ActiveCfg = Release|Any CPU
		{3B106F5B-A1E1-4856-BF89-6F002660E1CF}.Release|x64.Build.0 = Release|Any CPU
		{3B106F5B-A1E1-4856-BF89-6F002660E1CF}.Release|x86.ActiveCfg = Release|Any CPU
		{3B106F5B-A1E1-4856-BF89-6F002660E1CF}.Release|x86.Build.0 = Release|Any CPU
	EndGlobalSection
	GlobalSection(SolutionProperties) = preSolution
		HideSolutionNode = FALSE
	EndGlobalSection
	GlobalSection(ExtensibilityGlobals) = postSolution
		SolutionGuid = {90FF6A35-8F0A-4696-857E-8AE1AE0D9C17}
	EndGlobalSection
EndGlobal
